
Microsoft Visual Studio Solution File, Format Version 12.00
# Visual Studio Version 17
VisualStudioVersion = 17.11.35208.52
MinimumVisualStudioVersion = 10.0.40219.1
Project("{F184B08F-C81C-45F6-A57F-5ABD9991F28F}") = "CasualBoutique", "CasualBoutique\CasualBoutique.vbproj", "{B1DE81DF-B24F-4D63-AD1E-A7F3067168DA}"
EndProject
Global
	GlobalSection(SolutionConfigurationPlatforms) = preSolution
		Debug|Any CPU = Debug|Any CPU
		Release|Any CPU = Release|Any CPU
	EndGlobalSection
	GlobalSection(ProjectConfigurationPlatforms) = postSolution
		{B1DE81DF-B24F-4D63-AD1E-A7F3067168DA}.Debug|Any CPU.ActiveCfg = Debug|Any CPU
		{B1DE81DF-B24F-4D63-AD1E-A7F3067168DA}.Debug|Any CPU.Build.0 = Debug|Any CPU
		{B1DE81DF-B24F-4D63-AD1E-A7F3067168DA}.Release|Any CPU.ActiveCfg = Release|Any CPU
		{B1DE81DF-B24F-4D63-AD1E-A7F3067168DA}.Release|Any CPU.Build.0 = Release|Any CPU
	EndGlobalSection
	GlobalSection(SolutionProperties) = preSolution
		HideSolutionNode = FALSE
	EndGlobalSection
	GlobalSection(ExtensibilityGlobals) = postSolution
		SolutionGuid = {C6FB3A21-9D65-4446-9B1A-78597AC2F833}
	EndGlobalSection
EndGlobal
